
Microsoft Visual Studio Solution File, Format Version 12.00
# Visual Studio Version 17
VisualStudioVersion = 17.5.33414.496
MinimumVisualStudioVersion = 10.0.40219.1
Project("{FAE04EC0-301F-11D3-BF4B-00C04F79EFBC}") = "DM Assignment 8", "DM Assignment 8\DM Assignment 8.csproj", "{13898ED9-615E-45BF-8B02-69C464812265}"
EndProject
Global
	GlobalSection(SolutionConfigurationPlatforms) = preSolution
		Debug|Any CPU = Debug|Any CPU
		Release|Any CPU = Release|Any CPU
	EndGlobalSection
	GlobalSection(ProjectConfigurationPlatforms) = postSolution
		{13898ED9-615E-45BF-8B02-69C464812265}.Debug|Any CPU.ActiveCfg = Debug|Any CPU
		{13898ED9-615E-45BF-8B02-69C464812265}.Debug|Any CPU.Build.0 = Debug|Any CPU
		{13898ED9-615E-45BF-8B02-69C464812265}.Release|Any CPU.ActiveCfg = Release|Any CPU
		{13898ED9-615E-45BF-8B02-69C464812265}.Release|Any CPU.Build.0 = Release|Any CPU
	EndGlobalSection
	GlobalSection(SolutionProperties) = preSolution
		HideSolutionNode = FALSE
	EndGlobalSection
	GlobalSection(ExtensibilityGlobals) = postSolution
		SolutionGuid = {91713EE6-3EC0-409B-B209-5FCD3D16D1B3}
	EndGlobalSection
EndGlobal
